{
  "name": "test2",
  "version": "1.0.0",
  "lockfileVersion": 1,
  "requires": true,
  "dependencies": {
    "@azure/functions": {
      "version": "1.0.3",
      "resolved": "https://registry.npmjs.org/@azure/functions/-/functions-1.0.3.tgz",
      "integrity": "sha512-/D+sz6LgWT+A6RRW2zhwlwhKqqDSxL6HCF1Q1lN0iXolD2FfNFZpzrOxGyGYEEXp/5Dtjp12bcRTBhMH1cBi2Q==",
      "dev": true
    },
    "typescript": {
      "version": "3.5.3",
      "resolved": "https://registry.npmjs.org/typescript/-/typescript-3.5.3.tgz",
      "integrity": "sha512-ACzBtm/PhXBDId6a6sDJfroT2pOWt/oOnk4/dElG5G33ZL776N3Y6/6bKZJBFpd+b05F3Ct9qDjMeJmRWtE2/g==",
      "dev": true
    }
  }
}
